
Microsoft Visual Studio Solution File, Format Version 12.00
# Visual Studio Version 16
VisualStudioVersion = 16.0.29519.181
MinimumVisualStudioVersion = 10.0.40219.1
Project("{9A19103F-16F7-4668-BE54-9A1E7A4F7556}") = "LevelUpAPI", "LevelUpAPI\LevelUpAPI.csproj", "{2C31C431-9047-4A63-B479-B02DE0A5579F}"
EndProject
Project("{9A19103F-16F7-4668-BE54-9A1E7A4F7556}") = "LevelUpIdentityServer", "LevelUpIdentityServer\LevelUpIdentityServer.csproj", "{BC2C8890-4D02-4A2E-BC00-79BEB3908828}"
EndProject
Project("{9A19103F-16F7-4668-BE54-9A1E7A4F7556}") = "LevelUpRequests", "LevelUpRequests\LevelUpRequests.csproj", "{62FBE49B-B543-4ACC-A451-E89FA777B331}"
EndProject
Project("{9A19103F-16F7-4668-BE54-9A1E7A4F7556}") = "LevelUpClient", "LevelUpClient\LevelUpClient.csproj", "{0B13B57C-C7D5-44AA-A348-54989A372E58}"
EndProject
Project("{00D1A9C2-B5F0-4AF3-8072-F6C62B433612}") = "LevelUpDatabase", "LevelUpDatabase\LevelUpDatabase.sqlproj", "{4FB9B3DB-86BF-4569-895B-6F66A216A15E}"
EndProject
Global
	GlobalSection(SolutionConfigurationPlatforms) = preSolution
		Debug|Any CPU = Debug|Any CPU
		Release|Any CPU = Release|Any CPU
	EndGlobalSection
	GlobalSection(ProjectConfigurationPlatforms) = postSolution
		{2C31C431-9047-4A63-B479-B02DE0A5579F}.Debug|Any CPU.ActiveCfg = Debug|Any CPU
		{2C31C431-9047-4A63-B479-B02DE0A5579F}.Debug|Any CPU.Build.0 = Debug|Any CPU
		{2C31C431-9047-4A63-B479-B02DE0A5579F}.Release|Any CPU.ActiveCfg = Release|Any CPU
		{2C31C431-9047-4A63-B479-B02DE0A5579F}.Release|Any CPU.Build.0 = Release|Any CPU
		{BC2C8890-4D02-4A2E-BC00-79BEB3908828}.Debug|Any CPU.ActiveCfg = Debug|Any CPU
		{BC2C8890-4D02-4A2E-BC00-79BEB3908828}.Debug|Any CPU.Build.0 = Debug|Any CPU
		{BC2C8890-4D02-4A2E-BC00-79BEB3908828}.Release|Any CPU.ActiveCfg = Release|Any CPU
		{BC2C8890-4D02-4A2E-BC00-79BEB3908828}.Release|Any CPU.Build.0 = Release|Any CPU
		{62FBE49B-B543-4ACC-A451-E89FA777B331}.Debug|Any CPU.ActiveCfg = Debug|Any CPU
		{62FBE49B-B543-4ACC-A451-E89FA777B331}.Debug|Any CPU.Build.0 = Debug|Any CPU
		{62FBE49B-B543-4ACC-A451-E89FA777B331}.Release|Any CPU.ActiveCfg = Release|Any CPU
		{62FBE49B-B543-4ACC-A451-E89FA777B331}.Release|Any CPU.Build.0 = Release|Any CPU
		{0B13B57C-C7D5-44AA-A348-54989A372E58}.Debug|Any CPU.ActiveCfg = Debug|Any CPU
		{0B13B57C-C7D5-44AA-A348-54989A372E58}.Debug|Any CPU.Build.0 = Debug|Any CPU
		{0B13B57C-C7D5-44AA-A348-54989A372E58}.Release|Any CPU.ActiveCfg = Release|Any CPU
		{0B13B57C-C7D5-44AA-A348-54989A372E58}.Release|Any CPU.Build.0 = Release|Any CPU
		{4FB9B3DB-86BF-4569-895B-6F66A216A15E}.Debug|Any CPU.ActiveCfg = Debug|Any CPU
		{4FB9B3DB-86BF-4569-895B-6F66A216A15E}.Debug|Any CPU.Build.0 = Debug|Any CPU
		{4FB9B3DB-86BF-4569-895B-6F66A216A15E}.Debug|Any CPU.Deploy.0 = Debug|Any CPU
		{4FB9B3DB-86BF-4569-895B-6F66A216A15E}.Release|Any CPU.ActiveCfg = Release|Any CPU
		{4FB9B3DB-86BF-4569-895B-6F66A216A15E}.Release|Any CPU.Build.0 = Release|Any CPU
		{4FB9B3DB-86BF-4569-895B-6F66A216A15E}.Release|Any CPU.Deploy.0 = Release|Any CPU
	EndGlobalSection
	GlobalSection(SolutionProperties) = preSolution
		HideSolutionNode = FALSE
	EndGlobalSection
	GlobalSection(ExtensibilityGlobals) = postSolution
		SolutionGuid = {C98B52A1-24E1-40F6-AF42-C7CA574A4FD2}
	EndGlobalSection
EndGlobal
